
Microsoft Visual Studio Solution File, Format Version 12.00
Project("{FAE04EC0-301F-11D3-BF4B-00C04F79EFBC}") = "WpfApp5", "WpfApp5\WpfApp5.csproj", "{AB0608A2-2A4C-4E17-BC0B-4A14D84F590C}"
EndProject
Global
	GlobalSection(SolutionConfigurationPlatforms) = preSolution
		Debug|Any CPU = Debug|Any CPU
		Release|Any CPU = Release|Any CPU
	EndGlobalSection
	GlobalSection(ProjectConfigurationPlatforms) = postSolution
		{AB0608A2-2A4C-4E17-BC0B-4A14D84F590C}.Debug|Any CPU.ActiveCfg = Debug|Any CPU
		{AB0608A2-2A4C-4E17-BC0B-4A14D84F590C}.Debug|Any CPU.Build.0 = Debug|Any CPU
		{AB0608A2-2A4C-4E17-BC0B-4A14D84F590C}.Release|Any CPU.ActiveCfg = Release|Any CPU
		{AB0608A2-2A4C-4E17-BC0B-4A14D84F590C}.Release|Any CPU.Build.0 = Release|Any CPU
	EndGlobalSection
EndGlobal
